PODS:
  - CHTCollectionViewWaterfallLayout (0.9.7):
    - CHTCollectionViewWaterfallLayout/ObjC (= 0.9.7)
  - CHTCollectionViewWaterfallLayout/ObjC (0.9.7)

DEPENDENCIES:
  - CHTCollectionViewWaterfallLayout

SPEC CHECKSUMS:
  CHTCollectionViewWaterfallLayout: 9d11068fafecac106695bb5a5d6d0f738483b598

PODFILE CHECKSUM: 69bf3e74ed3ba5142c6795b3cf30a6aba1e9e949

COCOAPODS: 1.4.0.beta.1
